
Microsoft Visual Studio Solution File, Format Version 12.00
# Visual Studio Version 16
VisualStudioVersion = 16.0.31129.286
MinimumVisualStudioVersion = 10.0.40219.1
Project("{FAE04EC0-301F-11D3-BF4B-00C04F79EFBC}") = "Yazılım Yapımı", "Yazılım Yapımı\Yazılım Yapımı.csproj", "{DB5C6356-E1D9-42D4-89CE-6C5E2D8C64F3}"
EndProject
Global
	GlobalSection(SolutionConfigurationPlatforms) = preSolution
		Debug|Any CPU = Debug|Any CPU
		Release|Any CPU = Release|Any CPU
	EndGlobalSection
	GlobalSection(ProjectConfigurationPlatforms) = postSolution
		{DB5C6356-E1D9-42D4-89CE-6C5E2D8C64F3}.Debug|Any CPU.ActiveCfg = Debug|Any CPU
		{DB5C6356-E1D9-42D4-89CE-6C5E2D8C64F3}.Debug|Any CPU.Build.0 = Debug|Any CPU
		{DB5C6356-E1D9-42D4-89CE-6C5E2D8C64F3}.Release|Any CPU.ActiveCfg = Release|Any CPU
		{DB5C6356-E1D9-42D4-89CE-6C5E2D8C64F3}.Release|Any CPU.Build.0 = Release|Any CPU
	EndGlobalSection
	GlobalSection(SolutionProperties) = preSolution
		HideSolutionNode = FALSE
	EndGlobalSection
	GlobalSection(ExtensibilityGlobals) = postSolution
		SolutionGuid = {B7526A0E-920B-44CA-B115-3BC0EEEE3F96}
	EndGlobalSection
EndGlobal
